{
  "requires": true,
  "lockfileVersion": 1,
  "dependencies": {
    "gpio-jetsontx1tx2": {
      "version": "1.0.1",
      "resolved": "https://registry.npmjs.org/gpio-jetsontx1tx2/-/gpio-jetsontx1tx2-1.0.1.tgz",
      "integrity": "sha512-GUUmG4/4bL8smm/bTsrmXBJ9tw0BPTF7H6ow+TmvpL9BdFtksMjfpp9YSkuJaUg5w90Red6uEpbok6Lz3LCzXA=="
    }
  }
}
